# THIS IS AN AUTOGENERATED FILE. DO NOT EDIT THIS FILE DIRECTLY.
# newwork lockfile v1

sites:
  - name: Old Example
    url: 'http://oldexample.com/'
    lastModified: 2017-05-03T00:58:59.324Z
  - name: New Example
    url: 'http://newexample.com/'
    selector: '#posts .post a'
    content: <a href="#link1">Link 1</a>
    lastModified: 2017-05-03T00:58:59.323Z